# THIS IS AN AUTOGENERATED FILE. DO NOT EDIT THIS FILE DIRECTLY.
# yarn lockfile v1


"@angular/router@^16.2.9":
  version "16.2.11"
  resolved "https://registry.yarnpkg.com/@angular/router/-/router-16.2.11.tgz#46c3de4ded26594b50b8a6f4d31549ad4f7be3d5"
  integrity sha512-QTssqJue+xQ8M1gzmfJcIHPIpPOijVwGnXQjt7cnFggNe/CedOckLEzk2j7/6aC1b5aQKuZePPw6XMvk8ciilQ==
  dependencies:
    tslib "^2.3.0"

"@types/connect@^3.4.37":
  version "3.4.37"
  resolved "https://registry.yarnpkg.com/@types/connect/-/connect-3.4.37.tgz#c66a96689fd3127c8772eb3e9e5c6028ec1a9af5"
  integrity sha512-zBUSRqkfZ59OcwXon4HVxhx5oWCJmc0OtBTK05M+p0dYjgN6iTwIL2T/WbsQZrEsdnwaF9cWQ+azOnpPvIqY3Q==
  dependencies:
    "@types/node" "*"

"@types/node@*":
  version "20.8.9"
  resolved "https://registry.yarnpkg.com/@types/node/-/node-20.8.9.tgz#646390b4fab269abce59c308fc286dcd818a2b08"
  integrity sha512-UzykFsT3FhHb1h7yD4CA4YhBHq545JC0YnEz41xkipN88eKQtL6rSgocL5tbAP6Ola9Izm/Aw4Ora8He4x0BHg==
  dependencies:
    undici-types "~5.26.4"

tslib@^2.3.0:
  version "2.6.2"
  resolved "https://registry.yarnpkg.com/tslib/-/tslib-2.6.2.tgz#703ac29425e7b37cd6fd456e92404d46d1f3e4ae"
  integrity sha512-AEYxH93jGFPn/a2iVAwW87VuUIkR1FVUKB77NwMF7nBTDkDrrT/Hpt/IrCJ0QXhW27jTBDcf5ZY7w6RiqTMw2Q==

undici-types@~5.26.4:
  version "5.26.5"
  resolved "https://registry.yarnpkg.com/undici-types/-/undici-types-5.26.5.tgz#bcd539893d00b56e964fd2657a4866b221a65617"
  integrity sha512-JlCMO+ehdEIKqlFxk6IfVoAUVmgz7cU7zD/h9XZ0qzeosSHmUJVOzSQvvYSYWXkFXC+IfLKSIffhv0sVZup6pA==
